// !$*UTF8*$!
{
	archiveVersion = 1;
	classes = {
	};
	objectVersion = 50;
	objects = {

/* Begin PBXBuildFile section */
		51C594C4226DBF390080BA57 /* AppDelegate.swift in Sources */ = {isa = PBXBuildFile; fileRef = 51C594C3226DBF390080BA57 /* AppDelegate.swift */; };
		51C594C9226DBF390080BA57 /* Main.storyboard in Resources */ = {isa = PBXBuildFile; fileRef = 51C594C7226DBF390080BA57 /* Main.storyboard */; };
		51C594CB226DBF3C0080BA57 /* Assets.xcassets in Resources */ = {isa = PBXBuildFile; fileRef = 51C594CA226DBF3C0080BA57 /* Assets.xcassets */; };
		51C594CE226DBF3C0080BA57 /* LaunchScreen.storyboard in Resources */ = {isa = PBXBuildFile; fileRef = 51C594CC226DBF3C0080BA57 /* LaunchScreen.storyboard */; };
		51C594D6226DC0050080BA57 /* AttachingToViews.storyboard in Resources */ = {isa = PBXBuildFile; fileRef = 51C594D5226DC0050080BA57 /* AttachingToViews.storyboard */; };
		51C594D8226DC0250080BA57 /* ImplicitAutoresizingConstraints.storyboard in Resources */ = {isa = PBXBuildFile; fileRef = 51C594D7226DC0250080BA57 /* ImplicitAutoresizingConstraints.storyboard */; };
		51C594DA226DC0460080BA57 /* UsingActivateMethod.storyboard in Resources */ = {isa = PBXBuildFile; fileRef = 51C594D9226DC0460080BA57 /* UsingActivateMethod.storyboard */; };
		51C594DD226DC08C0080BA57 /* AttachingToViewsVC.swift in Sources */ = {isa = PBXBuildFile; fileRef = 51C594DC226DC08C0080BA57 /* AttachingToViewsVC.swift */; };
		51C594DF226DC0B10080BA57 /* ImplicitAutoresizingConstraintsVC.swift in Sources */ = {isa = PBXBuildFile; fileRef = 51C594DE226DC0B10080BA57 /* ImplicitAutoresizingConstraintsVC.swift */; };
		51C594E1226DC0CF0080BA57 /* UsingActivateMethodVC.swift in Sources */ = {isa = PBXBuildFile; fileRef = 51C594E0226DC0CF0080BA57 /* UsingActivateMethodVC.swift */; };
/* End PBXBuildFile section */

/* Begin PBXFileReference section */
		51C594C0226DBF390080BA57 /* Auto Layout in Code.app */ = {isa = PBXFileReference; explicitFileType = wrapper.application; includeInIndex = 0; path = "Auto Layout in Code.app"; sourceTree = BUILT_PRODUCTS_DIR; };
		51C594C3226DBF390080BA57 /* AppDelegate.swift */ = {isa = PBXFileReference; lastKnownFileType = sourcecode.swift; path = AppDelegate.swift; sourceTree = "<group>"; };
		51C594C8226DBF390080BA57 /* Base */ = {isa = PBXFileReference; lastKnownFileType = file.storyboard; name = Base; path = Base.lproj/Main.storyboard; sourceTree = "<group>"; };
		51C594CA226DBF3C0080BA57 /* Assets.xcassets */ = {isa = PBXFileReference; lastKnownFileType = folder.assetcatalog; path = Assets.xcassets; sourceTree = "<group>"; };
		51C594CD226DBF3C0080BA57 /* Base */ = {isa = PBXFileReference; lastKnownFileType = file.storyboard; name = Base; path = Base.lproj/LaunchScreen.storyboard; sourceTree = "<group>"; };
		51C594CF226DBF3C0080BA57 /* Info.plist */ = {isa = PBXFileReference; lastKnownFileType = text.plist.xml; path = Info.plist; sourceTree = "<group>"; };
		51C594D5226DC0050080BA57 /* AttachingToViews.storyboard */ = {isa = PBXFileReference; lastKnownFileType = file.storyboard; path = AttachingToViews.storyboard; sourceTree = "<group>"; };
		51C594D7226DC0250080BA57 /* ImplicitAutoresizingConstraints.storyboard */ = {isa = PBXFileReference; lastKnownFileType = file.storyboard; path = ImplicitAutoresizingConstraints.storyboard; sourceTree = "<group>"; };
		51C594D9226DC0460080BA57 /* UsingActivateMethod.storyboard */ = {isa = PBXFileReference; lastKnownFileType = file.storyboard; path = UsingActivateMethod.storyboard; sourceTree = "<group>"; };
		51C594DC226DC08C0080BA57 /* AttachingToViewsVC.swift */ = {isa = PBXFileReference; lastKnownFileType = sourcecode.swift; path = AttachingToViewsVC.swift; sourceTree = "<group>"; };
		51C594DE226DC0B10080BA57 /* ImplicitAutoresizingConstraintsVC.swift */ = {isa = PBXFileReference; lastKnownFileType = sourcecode.swift; path = ImplicitAutoresizingConstraintsVC.swift; sourceTree = "<group>"; };
		51C594E0226DC0CF0080BA57 /* UsingActivateMethodVC.swift */ = {isa = PBXFileReference; lastKnownFileType = sourcecode.swift; path = UsingActivateMethodVC.swift; sourceTree = "<group>"; };
/* End PBXFileReference section */

/* Begin PBXFrameworksBuildPhase section */
		51C594BD226DBF390080BA57 /* Frameworks */ = {
			isa = PBXFrameworksBuildPhase;
			buildActionMask = 2147483647;
			files = (
			);
			runOnlyForDeploymentPostprocessing = 0;
		};
/* End PBXFrameworksBuildPhase section */

/* Begin PBXGroup section */
		51C594B7226DBF390080BA57 = {
			isa = PBXGroup;
			children = (
				51C594C2226DBF390080BA57 /* Auto Layout in Code */,
				51C594C1226DBF390080BA57 /* Products */,
			);
			sourceTree = "<group>";
		};
		51C594C1226DBF390080BA57 /* Products */ = {
			isa = PBXGroup;
			children = (
				51C594C0226DBF390080BA57 /* Auto Layout in Code.app */,
			);
			name = Products;
			sourceTree = "<group>";
		};
		51C594C2226DBF390080BA57 /* Auto Layout in Code */ = {
			isa = PBXGroup;
			children = (
				51C594C3226DBF390080BA57 /* AppDelegate.swift */,
				51C594E2226DC0D80080BA57 /* View Controllers */,
				51C594C7226DBF390080BA57 /* Main.storyboard */,
				51C594DB226DC0550080BA57 /* Scenes */,
				51C594CA226DBF3C0080BA57 /* Assets.xcassets */,
				51C594CC226DBF3C0080BA57 /* LaunchScreen.storyboard */,
				51C594CF226DBF3C0080BA57 /* Info.plist */,
			);
			path = "Auto Layout in Code";
			sourceTree = "<group>";
		};
		51C594DB226DC0550080BA57 /* Scenes */ = {
			isa = PBXGroup;
			children = (
				51C594D5226DC0050080BA57 /* AttachingToViews.storyboard */,
				51C594D7226DC0250080BA57 /* ImplicitAutoresizingConstraints.storyboard */,
				51C594D9226DC0460080BA57 /* UsingActivateMethod.storyboard */,
			);
			path = Scenes;
			sourceTree = "<group>";
		};
		51C594E2226DC0D80080BA57 /* View Controllers */ = {
			isa = PBXGroup;
			children = (
				51C594DC226DC08C0080BA57 /* AttachingToViewsVC.swift */,
				51C594DE226DC0B10080BA57 /* ImplicitAutoresizingConstraintsVC.swift */,
				51C594E0226DC0CF0080BA57 /* UsingActivateMethodVC.swift */,
			);
			path = "View Controllers";
			sourceTree = "<group>";
		};
/* End PBXGroup section */

/* Begin PBXNativeTarget section */
		51C594BF226DBF390080BA57 /* Auto Layout in Code */ = {
			isa = PBXNativeTarget;
			buildConfigurationList = 51C594D2226DBF3C0080BA57 /* Build configuration list for PBXNativeTarget "Auto Layout in Code" */;
			buildPhases = (
				51C594BC226DBF390080BA57 /* Sources */,
				51C594BD226DBF390080BA57 /* Frameworks */,
				51C594BE226DBF390080BA57 /* Resources */,
			);
			buildRules = (
			);
			dependencies = (
			);
			name = "Auto Layout in Code";
			productName = "Auto Layout in Code";
			productReference = 51C594C0226DBF390080BA57 /* Auto Layout in Code.app */;
			productType = "com.apple.product-type.application";
		};
/* End PBXNativeTarget section */

/* Begin PBXProject section */
		51C594B8226DBF390080BA57 /* Project object */ = {
			isa = PBXProject;
			attributes = {
				LastSwiftUpdateCheck = 1020;
				LastUpgradeCheck = 1020;
				ORGANIZATIONNAME = "Mazharul Huq";
				TargetAttributes = {
					51C594BF226DBF390080BA57 = {
						CreatedOnToolsVersion = 10.2.1;
					};
				};
			};
			buildConfigurationList = 51C594BB226DBF390080BA57 /* Build configuration list for PBXProject "Auto Layout in Code" */;
			compatibilityVersion = "Xcode 9.3";
			developmentRegion = en;
			hasScannedForEncodings = 0;
			knownRegions = (
				en,
				Base,
			);
			mainGroup = 51C594B7226DBF390080BA57;
			productRefGroup = 51C594C1226DBF390080BA57 /* Products */;
			projectDirPath = "";
			projectRoot = "";
			targets = (
				51C594BF226DBF390080BA57 /* Auto Layout in Code */,
			);
		};
/* End PBXProject section */

/* Begin PBXResourcesBuildPhase section */
		51C594BE226DBF390080BA57 /* Resources */ = {
			isa = PBXResourcesBuildPhase;
			buildActionMask = 2147483647;
			files = (
				51C594CE226DBF3C0080BA57 /* LaunchScreen.storyboard in Resources */,
				51C594CB226DBF3C0080BA57 /* Assets.xcassets in Resources */,
				51C594D8226DC0250080BA57 /* ImplicitAutoresizingConstraints.storyboard in Resources */,
				51C594D6226DC0050080BA57 /* AttachingToViews.storyboard in Resources */,
				51C594C9226DBF390080BA57 /* Main.storyboard in Resources */,
				51C594DA226DC0460080BA57 /* UsingActivateMethod.storyboard in Resources */,
			);
			runOnlyForDeploymentPostprocessing = 0;
		};
/* End PBXResourcesBuildPhase section */

/* Begin PBXSourcesBuildPhase section */
		51C594BC226DBF390080BA57 /* Sources */ = {
			isa = PBXSourcesBuildPhase;
			buildActionMask = 2147483647;
			files = (
				51C594DD226DC08C0080BA57 /* AttachingToViewsVC.swift in Sources */,
				51C594DF226DC0B10080BA57 /* ImplicitAutoresizingConstraintsVC.swift in Sources */,
				51C594C4226DBF390080BA57 /* AppDelegate.swift in Sources */,
				51C594E1226DC0CF0080BA57 /* UsingActivateMethodVC.swift in Sources */,
			);
			runOnlyForDeploymentPostprocessing = 0;
		};
/* End PBXSourcesBuildPhase section */

/* Begin PBXVariantGroup section */
		51C594C7226DBF390080BA57 /* Main.storyboard */ = {
			isa = PBXVariantGroup;
			children = (
				51C594C8226DBF390080BA57 /* Base */,
			);
			name = Main.storyboard;
			sourceTree = "<group>";
		};
		51C594CC226DBF3C0080BA57 /* LaunchScreen.storyboard */ = {
			isa = PBXVariantGroup;
			children = (
				51C594CD226DBF3C0080BA57 /* Base */,
			);
			name = LaunchScreen.storyboard;
			sourceTree = "<group>";
		};
/* End PBXVariantGroup section */

/* Begin XCBuildConfiguration section */
		51C594D0226DBF3C0080BA57 /* Debug */ = {
			isa = XCBuildConfiguration;
			buildSettings = {
				ALWAYS_SEARCH_USER_PATHS = NO;
				CLANG_ANALYZER_NONNULL = YES;
				CLANG_ANALYZER_NUMBER_OBJECT_CONVERSION = YES_AGGRESSIVE;
				CLANG_CXX_LANGUAGE_STANDARD = "gnu++14";
				CLANG_CXX_LIBRARY = "libc++";
				CLANG_ENABLE_MODULES = YES;
				CLANG_ENABLE_OBJC_ARC = YES;
				CLANG_ENABLE_OBJC_WEAK = YES;
				CLANG_WARN_BLOCK_CAPTURE_AUTORELEASING = YES;
				CLANG_WARN_BOOL_CONVERSION = YES;
				CLANG_WARN_COMMA = YES;
				CLANG_WARN_CONSTANT_CONVERSION = YES;
				CLANG_WARN_DEPRECATED_OBJC_IMPLEMENTATIONS = YES;
				CLANG_WARN_DIRECT_OBJC_ISA_USAGE = YES_ERROR;
				CLANG_WARN_DOCUMENTATION_COMMENTS = YES;
				CLANG_WARN_EMPTY_BODY = YES;
				CLANG_WARN_ENUM_CONVERSION = YES;
				CLANG_WARN_INFINITE_RECURSION = YES;
				CLANG_WARN_INT_CONVERSION = YES;
				CLANG_WARN_NON_LITERAL_NULL_CONVERSION = YES;
				CLANG_WARN_OBJC_IMPLICIT_RETAIN_SELF = YES;
				CLANG_WARN_OBJC_LITERAL_CONVERSION = YES;
				CLANG_WARN_OBJC_ROOT_CLASS = YES_ERROR;
				CLANG_WARN_RANGE_LOOP_ANALYSIS = YES;
				CLANG_WARN_STRICT_PROTOTYPES = YES;
				CLANG_WARN_SUSPICIOUS_MOVE = YES;
				CLANG_WARN_UNGUARDED_AVAILABILITY = YES_AGGRESSIVE;
				CLANG_WARN_UNREACHABLE_CODE = YES;
				CLANG_WARN__DUPLICATE_METHOD_MATCH = YES;
				CODE_SIGN_IDENTITY = "iPhone Developer";
				COPY_PHASE_STRIP = NO;
				DEBUG_INFORMATION_FORMAT = dwarf;
				ENABLE_STRICT_OBJC_MSGSEND = YES;
				ENABLE_TESTABILITY = YES;
				GCC_C_LANGUAGE_STANDARD = gnu11;
				GCC_DYNAMIC_NO_PIC = NO;
				GCC_NO_COMMON_BLOCKS = YES;
				GCC_OPTIMIZATION_LEVEL = 0;
				GCC_PREPROCESSOR_DEFINITIONS = (
					"DEBUG=1",
					"$(inherited)",
				);
				GCC_WARN_64_TO_32_BIT_CONVERSION = YES;
				GCC_WARN_ABOUT_RETURN_TYPE = YES_ERROR;
				GCC_WARN_UNDECLARED_SELECTOR = YES;
				GCC_WARN_UNINITIALIZED_AUTOS = YES_AGGRESSIVE;
				GCC_WARN_UNUSED_FUNCTION = YES;
				GCC_WARN_UNUSED_VARIABLE = YES;
				IPHONEOS_DEPLOYMENT_TARGET = 12.2;
				MTL_ENABLE_DEBUG_INFO = INCLUDE_SOURCE;
				MTL_FAST_MATH = YES;
				ONLY_ACTIVE_ARCH = YES;
				SDKROOT = iphoneos;
				SWIFT_ACTIVE_COMPILATION_CONDITIONS = DEBUG;
				SWIFT_OPTIMIZATION_LEVEL = "-Onone";
			};
			name = Debug;
		};
		51C594D1226DBF3C0080BA57 /* Release */ = {
			isa = XCBuildConfiguration;
			buildSettings = {
				ALWAYS_SEARCH_USER_PATHS = NO;
				CLANG_ANALYZER_NONNULL = YES;
				CLANG_ANALYZER_NUMBER_OBJECT_CONVERSION = YES_AGGRESSIVE;
				CLANG_CXX_LANGUAGE_STANDARD = "gnu++14";
				CLANG_CXX_LIBRARY = "libc++";
				CLANG_ENABLE_MODULES = YES;
				CLANG_ENABLE_OBJC_ARC = YES;
				CLANG_ENABLE_OBJC_WEAK = YES;
				CLANG_WARN_BLOCK_CAPTURE_AUTORELEASING = YES;
				CLANG_WARN_BOOL_CONVERSION = YES;
				CLANG_WARN_COMMA = YES;
				CLANG_WARN_CONSTANT_CONVERSION = YES;
				CLANG_WARN_DEPRECATED_OBJC_IMPLEMENTATIONS = YES;
				CLANG_WARN_DIRECT_OBJC_ISA_USAGE = YES_ERROR;
				CLANG_WARN_DOCUMENTATION_COMMENTS = YES;
				CLANG_WARN_EMPTY_BODY = YES;
				CLANG_WARN_ENUM_CONVERSION = YES;
				CLANG_WARN_INFINITE_RECURSION = YES;
				CLANG_WARN_INT_CONVERSION = YES;
				CLANG_WARN_NON_LITERAL_NULL_CONVERSION = YES;
				CLANG_WARN_OBJC_IMPLICIT_RETAIN_SELF = YES;
				CLANG_WARN_OBJC_LITERAL_CONVERSION = YES;
				CLANG_WARN_OBJC_ROOT_CLASS = YES_ERROR;
				CLANG_WARN_RANGE_LOOP_ANALYSIS = YES;
				CLANG_WARN_STRICT_PROTOTYPES = YES;
				CLANG_WARN_SUSPICIOUS_MOVE = YES;
				CLANG_WARN_UNGUARDED_AVAILABILITY = YES_AGGRESSIVE;
				CLANG_WARN_UNREACHABLE_CODE = YES;
				CLANG_WARN__DUPLICATE_METHOD_MATCH = YES;
				CODE_SIGN_IDENTITY = "iPhone Developer";
				COPY_PHASE_STRIP = NO;
				DEBUG_INFORMATION_FORMAT = "dwarf-with-dsym";
				ENABLE_NS_ASSERTIONS = NO;
				ENABLE_STRICT_OBJC_MSGSEND = YES;
				GCC_C_LANGUAGE_STANDARD = gnu11;
				GCC_NO_COMMON_BLOCKS = YES;
				GCC_WARN_64_TO_32_BIT_CONVERSION = YES;
				GCC_WARN_ABOUT_RETURN_TYPE = YES_ERROR;
				GCC_WARN_UNDECLARED_SELECTOR = YES;
				GCC_WARN_UNINITIALIZED_AUTOS = YES_AGGRESSIVE;
				GCC_WARN_UNUSED_FUNCTION = YES;
				GCC_WARN_UNUSED_VARIABLE = YES;
				IPHONEOS_DEPLOYMENT_TARGET = 12.2;
				MTL_ENABLE_DEBUG_INFO = NO;
				MTL_FAST_MATH = YES;
				SDKROOT = iphoneos;
				SWIFT_COMPILATION_MODE = wholemodule;
				SWIFT_OPTIMIZATION_LEVEL = "-O";
				VALIDATE_PRODUCT = YES;
			};
			name = Release;
		};
		51C594D3226DBF3C0080BA57 /* Debug */ = {
			isa = XCBuildConfiguration;
			buildSettings = {
				ASSETCATALOG_COMPILER_APPICON_NAME = AppIcon;
				CODE_SIGN_STYLE = Automatic;
				DEVELOPMENT_TEAM = R77BD8MPA8;
				INFOPLIST_FILE = "Auto Layout in Code/Info.plist";
				LD_RUNPATH_SEARCH_PATHS = (
					"$(inherited)",
					"@executable_path/Frameworks",
				);
				PRODUCT_BUNDLE_IDENTIFIER = "com.mazharul.huq.Auto-Layout-in-Code";
				PRODUCT_NAME = "$(TARGET_NAME)";
				SWIFT_VERSION = 5.0;
				TARGETED_DEVICE_FAMILY = "1,2";
			};
			name = Debug;
		};
		51C594D4226DBF3C0080BA57 /* Release */ = {
			isa = XCBuildConfiguration;
			buildSettings = {
				ASSETCATALOG_COMPILER_APPICON_NAME = AppIcon;
				CODE_SIGN_STYLE = Automatic;
				DEVELOPMENT_TEAM = R77BD8MPA8;
				INFOPLIST_FILE = "Auto Layout in Code/Info.plist";
				LD_RUNPATH_SEARCH_PATHS = (
					"$(inherited)",
					"@executable_path/Frameworks",
				);
				PRODUCT_BUNDLE_IDENTIFIER = "com.mazharul.huq.Auto-Layout-in-Code";
				PRODUCT_NAME = "$(TARGET_NAME)";
				SWIFT_VERSION = 5.0;
				TARGETED_DEVICE_FAMILY = "1,2";
			};
			name = Release;
		};
/* End XCBuildConfiguration section */

/* Begin XCConfigurationList section */
		51C594BB226DBF390080BA57 /* Build configuration list for PBXProject "Auto Layout in Code" */ = {
			isa = XCConfigurationList;
			buildConfigurations = (
				51C594D0226DBF3C0080BA57 /* Debug */,
				51C594D1226DBF3C0080BA57 /* Release */,
			);
			defaultConfigurationIsVisible = 0;
			defaultConfigurationName = Release;
		};
		51C594D2226DBF3C0080BA57 /* Build configuration list for PBXNativeTarget "Auto Layout in Code" */ = {
			isa = XCConfigurationList;
			buildConfigurations = (
				51C594D3226DBF3C0080BA57 /* Debug */,
				51C594D4226DBF3C0080BA57 /* Release */,
			);
			defaultConfigurationIsVisible = 0;
			defaultConfigurationName = Release;
		};
/* End XCConfigurationList section */
	};
	rootObject = 51C594B8226DBF390080BA57 /* Project object */;
}
